// !$*UTF8*$!
{
	archiveVersion = 1;
	classes = {
	};
	objectVersion = 46;
	objects = {

/* Begin PBXBuildFile section */
		F545D4041C45939F0094A4F1 /* AppDelegate.swift in Sources */ = {isa = PBXBuildFile; fileRef = F545D4031C45939F0094A4F1 /* AppDelegate.swift */; };
		F545D4061C45939F0094A4F1 /* ViewController.swift in Sources */ = {isa = PBXBuildFile; fileRef = F545D4051C45939F0094A4F1 /* ViewController.swift */; };
		F545D4091C45939F0094A4F1 /* Main.storyboard in Resources */ = {isa = PBXBuildFile; fileRef = F545D4071C45939F0094A4F1 /* Main.storyboard */; };
		F545D40B1C45939F0094A4F1 /* Assets.xcassets in Resources */ = {isa = PBXBuildFile; fileRef = F545D40A1C45939F0094A4F1 /* Assets.xcassets */; };
		F545D40E1C45939F0094A4F1 /* LaunchScreen.storyboard in Resources */ = {isa = PBXBuildFile; fileRef = F545D40C1C45939F0094A4F1 /* LaunchScreen.storyboard */; };
		F545D4191C45939F0094A4F1 /* DiceAppTests.swift in Sources */ = {isa = PBXBuildFile; fileRef = F545D4181C45939F0094A4F1 /* DiceAppTests.swift */; };
		F545D4241C45939F0094A4F1 /* DiceAppUITests.swift in Sources */ = {isa = PBXBuildFile; fileRef = F545D4231C45939F0094A4F1 /* DiceAppUITests.swift */; };
/* End PBXBuildFile section */

/* Begin PBXContainerItemProxy section */
		F545D4151C45939F0094A4F1 /* PBXContainerItemProxy */ = {
			isa = PBXContainerItemProxy;
			containerPortal = F545D3F81C45939F0094A4F1 /* Project object */;
			proxyType = 1;
			remoteGlobalIDString = F545D3FF1C45939F0094A4F1;
			remoteInfo = DiceApp;
		};
		F545D4201C45939F0094A4F1 /* PBXContainerItemProxy */ = {
			isa = PBXContainerItemProxy;
			containerPortal = F545D3F81C45939F0094A4F1 /* Project object */;
			proxyType = 1;
			remoteGlobalIDString = F545D3FF1C45939F0094A4F1;
			remoteInfo = DiceApp;
		};
/* End PBXContainerItemProxy section */

/* Begin PBXFileReference section */
		F545D4001C45939F0094A4F1 /* DiceApp.app */ = {isa = PBXFileReference; explicitFileType = wrapper.application; includeInIndex = 0; path = DiceApp.app; sourceTree = BUILT_PRODUCTS_DIR; };
		F545D4031C45939F0094A4F1 /* AppDelegate.swift */ = {isa = PBXFileReference; lastKnownFileType = sourcecode.swift; path = AppDelegate.swift; sourceTree = "<group>"; };
		F545D4051C45939F0094A4F1 /* ViewController.swift */ = {isa = PBXFileReference; lastKnownFileType = sourcecode.swift; path = ViewController.swift; sourceTree = "<group>"; };
		F545D4081C45939F0094A4F1 /* Base */ = {isa = PBXFileReference; lastKnownFileType = file.storyboard; name = Base; path = Base.lproj/Main.storyboard; sourceTree = "<group>"; };
		F545D40A1C45939F0094A4F1 /* Assets.xcassets */ = {isa = PBXFileReference; lastKnownFileType = folder.assetcatalog; path = Assets.xcassets; sourceTree = "<group>"; };
		F545D40D1C45939F0094A4F1 /* Base */ = {isa = PBXFileReference; lastKnownFileType = file.storyboard; name = Base; path = Base.lproj/LaunchScreen.storyboard; sourceTree = "<group>"; };
		F545D40F1C45939F0094A4F1 /* Info.plist */ = {isa = PBXFileReference; lastKnownFileType = text.plist.xml; path = Info.plist; sourceTree = "<group>"; };
		F545D4141C45939F0094A4F1 /* DiceAppTests.xctest */ = {isa = PBXFileReference; explicitFileType = wrapper.cfbundle; includeInIndex = 0; path = DiceAppTests.xctest; sourceTree = BUILT_PRODUCTS_DIR; };
		F545D4181C45939F0094A4F1 /* DiceAppTests.swift */ = {isa = PBXFileReference; lastKnownFileType = sourcecode.swift; path = DiceAppTests.swift; sourceTree = "<group>"; };
		F545D41A1C45939F0094A4F1 /* Info.plist */ = {isa = PBXFileReference; lastKnownFileType = text.plist.xml; path = Info.plist; sourceTree = "<group>"; };
		F545D41F1C45939F0094A4F1 /* DiceAppUITests.xctest */ = {isa = PBXFileReference; explicitFileType = wrapper.cfbundle; includeInIndex = 0; path = DiceAppUITests.xctest; sourceTree = BUILT_PRODUCTS_DIR; };
		F545D4231C45939F0094A4F1 /* DiceAppUITests.swift */ = {isa = PBXFileReference; lastKnownFileType = sourcecode.swift; path = DiceAppUITests.swift; sourceTree = "<group>"; };
		F545D4251C45939F0094A4F1 /* Info.plist */ = {isa = PBXFileReference; lastKnownFileType = text.plist.xml; path = Info.plist; sourceTree = "<group>"; };
/* End PBXFileReference section */

/* Begin PBXFrameworksBuildPhase section */
		F545D3FD1C45939F0094A4F1 /* Frameworks */ = {
			isa = PBXFrameworksBuildPhase;
			buildActionMask = 2147483647;
			files = (
			);
			runOnlyForDeploymentPostprocessing = 0;
		};
		F545D4111C45939F0094A4F1 /* Frameworks */ = {
			isa = PBXFrameworksBuildPhase;
			buildActionMask = 2147483647;
			files = (
			);
			runOnlyForDeploymentPostprocessing = 0;
		};
		F545D41C1C45939F0094A4F1 /* Frameworks */ = {
			isa = PBXFrameworksBuildPhase;
			buildActionMask = 2147483647;
			files = (
			);
			runOnlyForDeploymentPostprocessing = 0;
		};
/* End PBXFrameworksBuildPhase section */

/* Begin PBXGroup section */
		F545D3F71C45939F0094A4F1 = {
			isa = PBXGroup;
			children = (
				F545D4021C45939F0094A4F1 /* DiceApp */,
				F545D4171C45939F0094A4F1 /* DiceAppTests */,
				F545D4221C45939F0094A4F1 /* DiceAppUITests */,
				F545D4011C45939F0094A4F1 /* Products */,
			);
			sourceTree = "<group>";
		};
		F545D4011C45939F0094A4F1 /* Products */ = {
			isa = PBXGroup;
			children = (
				F545D4001C45939F0094A4F1 /* DiceApp.app */,
				F545D4141C45939F0094A4F1 /* DiceAppTests.xctest */,
				F545D41F1C45939F0094A4F1 /* DiceAppUITests.xctest */,
			);
			name = Products;
			sourceTree = "<group>";
		};
		F545D4021C45939F0094A4F1 /* DiceApp */ = {
			isa = PBXGroup;
			children = (
				F545D4031C45939F0094A4F1 /* AppDelegate.swift */,
				F545D4051C45939F0094A4F1 /* ViewController.swift */,
				F545D4071C45939F0094A4F1 /* Main.storyboard */,
				F545D40A1C45939F0094A4F1 /* Assets.xcassets */,
				F545D40C1C45939F0094A4F1 /* LaunchScreen.storyboard */,
				F545D40F1C45939F0094A4F1 /* Info.plist */,
			);
			path = DiceApp;
			sourceTree = "<group>";
		};
		F545D4171C45939F0094A4F1 /* DiceAppTests */ = {
			isa = PBXGroup;
			children = (
				F545D4181C45939F0094A4F1 /* DiceAppTests.swift */,
				F545D41A1C45939F0094A4F1 /* Info.plist */,
			);
			path = DiceAppTests;
			sourceTree = "<group>";
		};
		F545D4221C45939F0094A4F1 /* DiceAppUITests */ = {
			isa = PBXGroup;
			children = (
				F545D4231C45939F0094A4F1 /* DiceAppUITests.swift */,
				F545D4251C45939F0094A4F1 /* Info.plist */,
			);
			path = DiceAppUITests;
			sourceTree = "<group>";
		};
/* End PBXGroup section */

/* Begin PBXNativeTarget section */
		F545D3FF1C45939F0094A4F1 /* DiceApp */ = {
			isa = PBXNativeTarget;
			buildConfigurationList = F545D4281C45939F0094A4F1 /* Build configuration list for PBXNativeTarget "DiceApp" */;
			buildPhases = (
				F545D3FC1C45939F0094A4F1 /* Sources */,
				F545D3FD1C45939F0094A4F1 /* Frameworks */,
				F545D3FE1C45939F0094A4F1 /* Resources */,
			);
			buildRules = (
			);
			dependencies = (
			);
			name = DiceApp;
			productName = DiceApp;
			productReference = F545D4001C45939F0094A4F1 /* DiceApp.app */;
			productType = "com.apple.product-type.application";
		};
		F545D4131C45939F0094A4F1 /* DiceAppTests */ = {
			isa = PBXNativeTarget;
			buildConfigurationList = F545D42B1C45939F0094A4F1 /* Build configuration list for PBXNativeTarget "DiceAppTests" */;
			buildPhases = (
				F545D4101C45939F0094A4F1 /* Sources */,
				F545D4111C45939F0094A4F1 /* Frameworks */,
				F545D4121C45939F0094A4F1 /* Resources */,
			);
			buildRules = (
			);
			dependencies = (
				F545D4161C45939F0094A4F1 /* PBXTargetDependency */,
			);
			name = DiceAppTests;
			productName = DiceAppTests;
			productReference = F545D4141C45939F0094A4F1 /* DiceAppTests.xctest */;
			productType = "com.apple.product-type.bundle.unit-test";
		};
		F545D41E1C45939F0094A4F1 /* DiceAppUITests */ = {
			isa = PBXNativeTarget;
			buildConfigurationList = F545D42E1C45939F0094A4F1 /* Build configuration list for PBXNativeTarget "DiceAppUITests" */;
			buildPhases = (
				F545D41B1C45939F0094A4F1 /* Sources */,
				F545D41C1C45939F0094A4F1 /* Frameworks */,
				F545D41D1C45939F0094A4F1 /* Resources */,
			);
			buildRules = (
			);
			dependencies = (
				F545D4211C45939F0094A4F1 /* PBXTargetDependency */,
			);
			name = DiceAppUITests;
			productName = DiceAppUITests;
			productReference = F545D41F1C45939F0094A4F1 /* DiceAppUITests.xctest */;
			productType = "com.apple.product-type.bundle.ui-testing";
		};
/* End PBXNativeTarget section */

/* Begin PBXProject section */
		F545D3F81C45939F0094A4F1 /* Project object */ = {
			isa = PBXProject;
			attributes = {
				LastSwiftUpdateCheck = 0720;
				LastUpgradeCheck = 0720;
				ORGANIZATIONNAME = JohnHerseyHighSchool;
				TargetAttributes = {
					F545D3FF1C45939F0094A4F1 = {
						CreatedOnToolsVersion = 7.2;
						DevelopmentTeam = 4BD2832G2G;
					};
					F545D4131C45939F0094A4F1 = {
						CreatedOnToolsVersion = 7.2;
						TestTargetID = F545D3FF1C45939F0094A4F1;
					};
					F545D41E1C45939F0094A4F1 = {
						CreatedOnToolsVersion = 7.2;
						TestTargetID = F545D3FF1C45939F0094A4F1;
					};
				};
			};
			buildConfigurationList = F545D3FB1C45939F0094A4F1 /* Build configuration list for PBXProject "DiceApp" */;
			compatibilityVersion = "Xcode 3.2";
			developmentRegion = English;
			hasScannedForEncodings = 0;
			knownRegions = (
				en,
				Base,
			);
			mainGroup = F545D3F71C45939F0094A4F1;
			productRefGroup = F545D4011C45939F0094A4F1 /* Products */;
			projectDirPath = "";
			projectRoot = "";
			targets = (
				F545D3FF1C45939F0094A4F1 /* DiceApp */,
				F545D4131C45939F0094A4F1 /* DiceAppTests */,
				F545D41E1C45939F0094A4F1 /* DiceAppUITests */,
			);
		};
/* End PBXProject section */

/* Begin PBXResourcesBuildPhase section */
		F545D3FE1C45939F0094A4F1 /* Resources */ = {
			isa = PBXResourcesBuildPhase;
			buildActionMask = 2147483647;
			files = (
				F545D40E1C45939F0094A4F1 /* LaunchScreen.storyboard in Resources */,
				F545D40B1C45939F0094A4F1 /* Assets.xcassets in Resources */,
				F545D4091C45939F0094A4F1 /* Main.storyboard in Resources */,
			);
			runOnlyForDeploymentPostprocessing = 0;
		};
		F545D4121C45939F0094A4F1 /* Resources */ = {
			isa = PBXResourcesBuildPhase;
			buildActionMask = 2147483647;
			files = (
			);
			runOnlyForDeploymentPostprocessing = 0;
		};
		F545D41D1C45939F0094A4F1 /* Resources */ = {
			isa = PBXResourcesBuildPhase;
			buildActionMask = 2147483647;
			files = (
			);
			runOnlyForDeploymentPostprocessing = 0;
		};
/* End PBXResourcesBuildPhase section */

/* Begin PBXSourcesBuildPhase section */
		F545D3FC1C45939F0094A4F1 /* Sources */ = {
			isa = PBXSourcesBuildPhase;
			buildActionMask = 2147483647;
			files = (
				F545D4061C45939F0094A4F1 /* ViewController.swift in Sources */,
				F545D4041C45939F0094A4F1 /* AppDelegate.swift in Sources */,
			);
			runOnlyForDeploymentPostprocessing = 0;
		};
		F545D4101C45939F0094A4F1 /* Sources */ = {
			isa = PBXSourcesBuildPhase;
			buildActionMask = 2147483647;
			files = (
				F545D4191C45939F0094A4F1 /* DiceAppTests.swift in Sources */,
			);
			runOnlyForDeploymentPostprocessing = 0;
		};
		F545D41B1C45939F0094A4F1 /* Sources */ = {
			isa = PBXSourcesBuildPhase;
			buildActionMask = 2147483647;
			files = (
				F545D4241C45939F0094A4F1 /* DiceAppUITests.swift in Sources */,
			);
			runOnlyForDeploymentPostprocessing = 0;
		};
/* End PBXSourcesBuildPhase section */

/* Begin PBXTargetDependency section */
		F545D4161C45939F0094A4F1 /* PBXTargetDependency */ = {
			isa = PBXTargetDependency;
			target = F545D3FF1C45939F0094A4F1 /* DiceApp */;
			targetProxy = F545D4151C45939F0094A4F1 /* PBXContainerItemProxy */;
		};
		F545D4211C45939F0094A4F1 /* PBXTargetDependency */ = {
			isa = PBXTargetDependency;
			target = F545D3FF1C45939F0094A4F1 /* DiceApp */;
			targetProxy = F545D4201C45939F0094A4F1 /* PBXContainerItemProxy */;
		};
/* End PBXTargetDependency section */

/* Begin PBXVariantGroup section */
		F545D4071C45939F0094A4F1 /* Main.storyboard */ = {
			isa = PBXVariantGroup;
			children = (
				F545D4081C45939F0094A4F1 /* Base */,
			);
			name = Main.storyboard;
			sourceTree = "<group>";
		};
		F545D40C1C45939F0094A4F1 /* LaunchScreen.storyboard */ = {
			isa = PBXVariantGroup;
			children = (
				F545D40D1C45939F0094A4F1 /* Base */,
			);
			name = LaunchScreen.storyboard;
			sourceTree = "<group>";
		};
/* End PBXVariantGroup section */

/* Begin XCBuildConfiguration section */
		F545D4261C45939F0094A4F1 /* Debug */ = {
			isa = XCBuildConfiguration;
			buildSettings = {
				ALWAYS_SEARCH_USER_PATHS = NO;
				CLANG_CXX_LANGUAGE_STANDARD = "gnu++0x";
				CLANG_CXX_LIBRARY = "libc++";
				CLANG_ENABLE_MODULES = YES;
				CLANG_ENABLE_OBJC_ARC = YES;
				CLANG_WARN_BOOL_CONVERSION = YES;
				CLANG_WARN_CONSTANT_CONVERSION = YES;
				CLANG_WARN_DIRECT_OBJC_ISA_USAGE = YES_ERROR;
				CLANG_WARN_EMPTY_BODY = YES;
				CLANG_WARN_ENUM_CONVERSION = YES;
				CLANG_WARN_INT_CONVERSION = YES;
				CLANG_WARN_OBJC_ROOT_CLASS = YES_ERROR;
				CLANG_WARN_UNREACHABLE_CODE = YES;
				CLANG_WARN__DUPLICATE_METHOD_MATCH = YES;
				"CODE_SIGN_IDENTITY[sdk=iphoneos*]" = "iPhone Developer";
				COPY_PHASE_STRIP = NO;
				DEBUG_INFORMATION_FORMAT = dwarf;
				ENABLE_STRICT_OBJC_MSGSEND = YES;
				ENABLE_TESTABILITY = YES;
				GCC_C_LANGUAGE_STANDARD = gnu99;
				GCC_DYNAMIC_NO_PIC = NO;
				GCC_NO_COMMON_BLOCKS = YES;
				GCC_OPTIMIZATION_LEVEL = 0;
				GCC_PREPROCESSOR_DEFINITIONS = (
					"DEBUG=1",
					"$(inherited)",
				);
				GCC_WARN_64_TO_32_BIT_CONVERSION = YES;
				GCC_WARN_ABOUT_RETURN_TYPE = YES_ERROR;
				GCC_WARN_UNDECLARED_SELECTOR = YES;
				GCC_WARN_UNINITIALIZED_AUTOS = YES_AGGRESSIVE;
				GCC_WARN_UNUSED_FUNCTION = YES;
				GCC_WARN_UNUSED_VARIABLE = YES;
				IPHONEOS_DEPLOYMENT_TARGET = 9.2;
				MTL_ENABLE_DEBUG_INFO = YES;
				ONLY_ACTIVE_ARCH = YES;
				SDKROOT = iphoneos;
				SWIFT_OPTIMIZATION_LEVEL = "-Onone";
				TARGETED_DEVICE_FAMILY = "1,2";
			};
			name = Debug;
		};
		F545D4271C45939F0094A4F1 /* Release */ = {
			isa = XCBuildConfiguration;
			buildSettings = {
				ALWAYS_SEARCH_USER_PATHS = NO;
				CLANG_CXX_LANGUAGE_STANDARD = "gnu++0x";
				CLANG_CXX_LIBRARY = "libc++";
				CLANG_ENABLE_MODULES = YES;
				CLANG_ENABLE_OBJC_ARC = YES;
				CLANG_WARN_BOOL_CONVERSION = YES;
				CLANG_WARN_CONSTANT_CONVERSION = YES;
				CLANG_WARN_DIRECT_OBJC_ISA_USAGE = YES_ERROR;
				CLANG_WARN_EMPTY_BODY = YES;
				CLANG_WARN_ENUM_CONVERSION = YES;
				CLANG_WARN_INT_CONVERSION = YES;
				CLANG_WARN_OBJC_ROOT_CLASS = YES_ERROR;
				CLANG_WARN_UNREACHABLE_CODE = YES;
				CLANG_WARN__DUPLICATE_METHOD_MATCH = YES;
				"CODE_SIGN_IDENTITY[sdk=iphoneos*]" = "iPhone Developer";
				COPY_PHASE_STRIP = NO;
				DEBUG_INFORMATION_FORMAT = "dwarf-with-dsym";
				ENABLE_NS_ASSERTIONS = NO;
				ENABLE_STRICT_OBJC_MSGSEND = YES;
				GCC_C_LANGUAGE_STANDARD = gnu99;
				GCC_NO_COMMON_BLOCKS = YES;
				GCC_WARN_64_TO_32_BIT_CONVERSION = YES;
				GCC_WARN_ABOUT_RETURN_TYPE = YES_ERROR;
				GCC_WARN_UNDECLARED_SELECTOR = YES;
				GCC_WARN_UNINITIALIZED_AUTOS = YES_AGGRESSIVE;
				GCC_WARN_UNUSED_FUNCTION = YES;
				GCC_WARN_UNUSED_VARIABLE = YES;
				IPHONEOS_DEPLOYMENT_TARGET = 9.2;
				MTL_ENABLE_DEBUG_INFO = NO;
				SDKROOT = iphoneos;
				TARGETED_DEVICE_FAMILY = "1,2";
				VALIDATE_PRODUCT = YES;
			};
			name = Release;
		};
		F545D4291C45939F0094A4F1 /* Debug */ = {
			isa = XCBuildConfiguration;
			buildSettings = {
				ASSETCATALOG_COMPILER_APPICON_NAME = AppIcon;
				CODE_SIGN_IDENTITY = "iPhone Developer";
				INFOPLIST_FILE = DiceApp/Info.plist;
				IPHONEOS_DEPLOYMENT_TARGET = 9.0;
				LD_RUNPATH_SEARCH_PATHS = "$(inherited) @executable_path/Frameworks";
				PRODUCT_BUNDLE_IDENTIFIER = JHHS.DiceApp;
				PRODUCT_NAME = "$(TARGET_NAME)";
			};
			name = Debug;
		};
		F545D42A1C45939F0094A4F1 /* Release */ = {
			isa = XCBuildConfiguration;
			buildSettings = {
				ASSETCATALOG_COMPILER_APPICON_NAME = AppIcon;
				CODE_SIGN_IDENTITY = "iPhone Developer";
				INFOPLIST_FILE = DiceApp/Info.plist;
				IPHONEOS_DEPLOYMENT_TARGET = 9.0;
				LD_RUNPATH_SEARCH_PATHS = "$(inherited) @executable_path/Frameworks";
				PRODUCT_BUNDLE_IDENTIFIER = JHHS.DiceApp;
				PRODUCT_NAME = "$(TARGET_NAME)";
			};
			name = Release;
		};
		F545D42C1C45939F0094A4F1 /* Debug */ = {
			isa = XCBuildConfiguration;
			buildSettings = {
				BUNDLE_LOADER = "$(TEST_HOST)";
				INFOPLIST_FILE = DiceAppTests/Info.plist;
				LD_RUNPATH_SEARCH_PATHS = "$(inherited) @executable_path/Frameworks @loader_path/Frameworks";
				PRODUCT_BUNDLE_IDENTIFIER = JHHS.DiceAppTests;
				PRODUCT_NAME = "$(TARGET_NAME)";
				TEST_HOST = "$(BUILT_PRODUCTS_DIR)/DiceApp.app/DiceApp";
			};
			name = Debug;
		};
		F545D42D1C45939F0094A4F1 /* Release */ = {
			isa = XCBuildConfiguration;
			buildSettings = {
				BUNDLE_LOADER = "$(TEST_HOST)";
				INFOPLIST_FILE = DiceAppTests/Info.plist;
				LD_RUNPATH_SEARCH_PATHS = "$(inherited) @executable_path/Frameworks @loader_path/Frameworks";
				PRODUCT_BUNDLE_IDENTIFIER = JHHS.DiceAppTests;
				PRODUCT_NAME = "$(TARGET_NAME)";
				TEST_HOST = "$(BUILT_PRODUCTS_DIR)/DiceApp.app/DiceApp";
			};
			name = Release;
		};
		F545D42F1C45939F0094A4F1 /* Debug */ = {
			isa = XCBuildConfiguration;
			buildSettings = {
				INFOPLIST_FILE = DiceAppUITests/Info.plist;
				LD_RUNPATH_SEARCH_PATHS = "$(inherited) @executable_path/Frameworks @loader_path/Frameworks";
				PRODUCT_BUNDLE_IDENTIFIER = JHHS.DiceAppUITests;
				PRODUCT_NAME = "$(TARGET_NAME)";
				TEST_TARGET_NAME = DiceApp;
				USES_XCTRUNNER = YES;
			};
			name = Debug;
		};
		F545D4301C45939F0094A4F1 /* Release */ = {
			isa = XCBuildConfiguration;
			buildSettings = {
				INFOPLIST_FILE = DiceAppUITests/Info.plist;
				LD_RUNPATH_SEARCH_PATHS = "$(inherited) @executable_path/Frameworks @loader_path/Frameworks";
				PRODUCT_BUNDLE_IDENTIFIER = JHHS.DiceAppUITests;
				PRODUCT_NAME = "$(TARGET_NAME)";
				TEST_TARGET_NAME = DiceApp;
				USES_XCTRUNNER = YES;
			};
			name = Release;
		};
/* End XCBuildConfiguration section */

/* Begin XCConfigurationList section */
		F545D3FB1C45939F0094A4F1 /* Build configuration list for PBXProject "DiceApp" */ = {
			isa = XCConfigurationList;
			buildConfigurations = (
				F545D4261C45939F0094A4F1 /* Debug */,
				F545D4271C45939F0094A4F1 /* Release */,
			);
			defaultConfigurationIsVisible = 0;
			defaultConfigurationName = Release;
		};
		F545D4281C45939F0094A4F1 /* Build configuration list for PBXNativeTarget "DiceApp" */ = {
			isa = XCConfigurationList;
			buildConfigurations = (
				F545D4291C45939F0094A4F1 /* Debug */,
				F545D42A1C45939F0094A4F1 /* Release */,
			);
			defaultConfigurationIsVisible = 0;
			defaultConfigurationName = Release;
		};
		F545D42B1C45939F0094A4F1 /* Build configuration list for PBXNativeTarget "DiceAppTests" */ = {
			isa = XCConfigurationList;
			buildConfigurations = (
				F545D42C1C45939F0094A4F1 /* Debug */,
				F545D42D1C45939F0094A4F1 /* Release */,
			);
			defaultConfigurationIsVisible = 0;
			defaultConfigurationName = Release;
		};
		F545D42E1C45939F0094A4F1 /* Build configuration list for PBXNativeTarget "DiceAppUITests" */ = {
			isa = XCConfigurationList;
			buildConfigurations = (
				F545D42F1C45939F0094A4F1 /* Debug */,
				F545D4301C45939F0094A4F1 /* Release */,
			);
			defaultConfigurationIsVisible = 0;
			defaultConfigurationName = Release;
		};
/* End XCConfigurationList section */
	};
	rootObject = F545D3F81C45939F0094A4F1 /* Project object */;
}
